
Microsoft Visual Studio Solution File, Format Version 12.00
# Visual Studio Version 17
VisualStudioVersion = 17.11.35222.181
MinimumVisualStudioVersion = 10.0.40219.1
Project("{FAE04EC0-301F-11D3-BF4B-00C04F79EFBC}") = "Company.G01.PL", "Company.G01.PL\Company.G01.PL.csproj", "{46E0F5AD-BF13-49EA-B64F-5313BB0C448A}"
EndProject
Project("{FAE04EC0-301F-11D3-BF4B-00C04F79EFBC}") = "Company.G01.DAL", "Company.G01.DAL\Company.G01.DAL.csproj", "{14AF8CC7-F8D9-43AF-9809-EDFF5B11DCC7}"
EndProject
Project("{FAE04EC0-301F-11D3-BF4B-00C04F79EFBC}") = "Company.G01.BLL", "Company.G01.BLL\Company.G01.BLL.csproj", "{73A704AD-A6CA-4C8D-A7A0-A114BE5357F4}"
EndProject
Global
	GlobalSection(SolutionConfigurationPlatforms) = preSolution
		Debug|Any CPU = Debug|Any CPU
		Release|Any CPU = Release|Any CPU
	EndGlobalSection
	GlobalSection(ProjectConfigurationPlatforms) = postSolution
		{46E0F5AD-BF13-49EA-B64F-5313BB0C448A}.Debug|Any CPU.ActiveCfg = Debug|Any CPU
		{46E0F5AD-BF13-49EA-B64F-5313BB0C448A}.Debug|Any CPU.Build.0 = Debug|Any CPU
		{46E0F5AD-BF13-49EA-B64F-5313BB0C448A}.Release|Any CPU.ActiveCfg = Release|Any CPU
		{46E0F5AD-BF13-49EA-B64F-5313BB0C448A}.Release|Any CPU.Build.0 = Release|Any CPU
		{14AF8CC7-F8D9-43AF-9809-EDFF5B11DCC7}.Debug|Any CPU.ActiveCfg = Debug|Any CPU
		{14AF8CC7-F8D9-43AF-9809-EDFF5B11DCC7}.Debug|Any CPU.Build.0 = Debug|Any CPU
		{14AF8CC7-F8D9-43AF-9809-EDFF5B11DCC7}.Release|Any CPU.ActiveCfg = Release|Any CPU
		{14AF8CC7-F8D9-43AF-9809-EDFF5B11DCC7}.Release|Any CPU.Build.0 = Release|Any CPU
		{73A704AD-A6CA-4C8D-A7A0-A114BE5357F4}.Debug|Any CPU.ActiveCfg = Debug|Any CPU
		{73A704AD-A6CA-4C8D-A7A0-A114BE5357F4}.Debug|Any CPU.Build.0 = Debug|Any CPU
		{73A704AD-A6CA-4C8D-A7A0-A114BE5357F4}.Release|Any CPU.ActiveCfg = Release|Any CPU
		{73A704AD-A6CA-4C8D-A7A0-A114BE5357F4}.Release|Any CPU.Build.0 = Release|Any CPU
	EndGlobalSection
	GlobalSection(SolutionProperties) = preSolution
		HideSolutionNode = FALSE
	EndGlobalSection
	GlobalSection(ExtensibilityGlobals) = postSolution
		SolutionGuid = {7C58203A-AB98-4368-A936-F75D6C69F28A}
	EndGlobalSection
EndGlobal
